
Microsoft Visual Studio Solution File, Format Version 12.00
# Visual Studio Version 17
VisualStudioVersion = 17.7.34031.279
MinimumVisualStudioVersion = 10.0.40219.1
Project("{9A19103F-16F7-4668-BE54-9A1E7A4F7556}") = "LifeQuality.Server", "LifeQuality.Server\LifeQuality.Server.csproj", "{C7C460C8-A369-445F-8D04-5C956136CF3C}"
EndProject
Project("{9A19103F-16F7-4668-BE54-9A1E7A4F7556}") = "LifeQuality.DAL", "LifeQuality.DAL\LifeQuality.DAL.csproj", "{FB2D6C75-890A-4BB9-B0DC-9F47113ECD0B}"
EndProject
Project("{9A19103F-16F7-4668-BE54-9A1E7A4F7556}") = "LifeQuality.Core", "LifeQuality.Core\LifeQuality.Core.csproj", "{40DD9708-7B5C-4062-BA14-807A5A5D0E45}"
EndProject
Project("{FAE04EC0-301F-11D3-BF4B-00C04F79EFBC}") = "LifeQuality.Test", "LifeQuality.Test\LifeQuality.Test.csproj", "{FC6AD225-9497-4F51-AA05-356E50ABF213}"
	ProjectSection(ProjectDependencies) = postProject
		{40DD9708-7B5C-4062-BA14-807A5A5D0E45} = {40DD9708-7B5C-4062-BA14-807A5A5D0E45}
		{FB2D6C75-890A-4BB9-B0DC-9F47113ECD0B} = {FB2D6C75-890A-4BB9-B0DC-9F47113ECD0B}
	EndProjectSection
EndProject
Global
	GlobalSection(SolutionConfigurationPlatforms) = preSolution
		Debug|Any CPU = Debug|Any CPU
		Release|Any CPU = Release|Any CPU
	EndGlobalSection
	GlobalSection(ProjectConfigurationPlatforms) = postSolution
		{C7C460C8-A369-445F-8D04-5C956136CF3C}.Debug|Any CPU.ActiveCfg = Debug|Any CPU
		{C7C460C8-A369-445F-8D04-5C956136CF3C}.Debug|Any CPU.Build.0 = Debug|Any CPU
		{C7C460C8-A369-445F-8D04-5C956136CF3C}.Release|Any CPU.ActiveCfg = Release|Any CPU
		{C7C460C8-A369-445F-8D04-5C956136CF3C}.Release|Any CPU.Build.0 = Release|Any CPU
		{FB2D6C75-890A-4BB9-B0DC-9F47113ECD0B}.Debug|Any CPU.ActiveCfg = Debug|Any CPU
		{FB2D6C75-890A-4BB9-B0DC-9F47113ECD0B}.Debug|Any CPU.Build.0 = Debug|Any CPU
		{FB2D6C75-890A-4BB9-B0DC-9F47113ECD0B}.Release|Any CPU.ActiveCfg = Release|Any CPU
		{FB2D6C75-890A-4BB9-B0DC-9F47113ECD0B}.Release|Any CPU.Build.0 = Release|Any CPU
		{40DD9708-7B5C-4062-BA14-807A5A5D0E45}.Debug|Any CPU.ActiveCfg = Debug|Any CPU
		{40DD9708-7B5C-4062-BA14-807A5A5D0E45}.Debug|Any CPU.Build.0 = Debug|Any CPU
		{40DD9708-7B5C-4062-BA14-807A5A5D0E45}.Release|Any CPU.ActiveCfg = Release|Any CPU
		{40DD9708-7B5C-4062-BA14-807A5A5D0E45}.Release|Any CPU.Build.0 = Release|Any CPU
		{FC6AD225-9497-4F51-AA05-356E50ABF213}.Debug|Any CPU.ActiveCfg = Debug|Any CPU
		{FC6AD225-9497-4F51-AA05-356E50ABF213}.Debug|Any CPU.Build.0 = Debug|Any CPU
		{FC6AD225-9497-4F51-AA05-356E50ABF213}.Release|Any CPU.ActiveCfg = Release|Any CPU
		{FC6AD225-9497-4F51-AA05-356E50ABF213}.Release|Any CPU.Build.0 = Release|Any CPU
	EndGlobalSection
	GlobalSection(SolutionProperties) = preSolution
		HideSolutionNode = FALSE
	EndGlobalSection
	GlobalSection(ExtensibilityGlobals) = postSolution
		SolutionGuid = {3BBD577A-8093-4B7A-8A0E-FAC417662CE6}
	EndGlobalSection
EndGlobal
